
Microsoft Visual Studio Solution File, Format Version 12.00
# Visual Studio 15
VisualStudioVersion = 15.0.27130.2036
MinimumVisualStudioVersion = 10.0.40219.1
Project("{FAE04EC0-301F-11D3-BF4B-00C04F79EFBC}") = "ECS", "ECS\ECS.csproj", "{95E8AE6F-1907-42EE-A3AF-146063473795}"
EndProject
Global
	GlobalSection(SolutionConfigurationPlatforms) = preSolution
		Debug|Any CPU = Debug|Any CPU
		Release|Any CPU = Release|Any CPU
	EndGlobalSection
	GlobalSection(ProjectConfigurationPlatforms) = postSolution
		{95E8AE6F-1907-42EE-A3AF-146063473795}.Debug|Any CPU.ActiveCfg = Debug|Any CPU
		{95E8AE6F-1907-42EE-A3AF-146063473795}.Debug|Any CPU.Build.0 = Debug|Any CPU
		{95E8AE6F-1907-42EE-A3AF-146063473795}.Release|Any CPU.ActiveCfg = Release|Any CPU
		{95E8AE6F-1907-42EE-A3AF-146063473795}.Release|Any CPU.Build.0 = Release|Any CPU
	EndGlobalSection
	GlobalSection(SolutionProperties) = preSolution
		HideSolutionNode = FALSE
	EndGlobalSection
	GlobalSection(ExtensibilityGlobals) = postSolution
		SolutionGuid = {93E8CE10-CFF3-4ADC-80D9-0EB6483E15C6}
	EndGlobalSection
EndGlobal
